
Microsoft Visual Studio Solution File, Format Version 12.00
# Visual Studio 14
VisualStudioVersion = 14.0.25420.1
MinimumVisualStudioVersion = 10.0.40219.1
Project("{FAE04EC0-301F-11D3-BF4B-00C04F79EFBC}") = "StreamChatApp.WPF", "StreamChatApp\StreamChatApp.WPF.csproj", "{260955EE-980A-4ED6-905F-306A61C8ED0C}"
EndProject
Project("{2150E333-8FDC-42A3-9474-1A3956D46DE8}") = "StreamChatApp", "StreamChatApp", "{9DDFD926-86A2-4D49-A63F-8F875744B61C}"
EndProject
Project("{2150E333-8FDC-42A3-9474-1A3956D46DE8}") = "StreamChatApp.Communication", "StreamChatApp.Communication", "{0738D79E-36AE-4726-A784-253C4D9C87E0}"
EndProject
Project("{FAE04EC0-301F-11D3-BF4B-00C04F79EFBC}") = "StreamChatApp.Communication.Server", "StreamChatApp.Communication.Server\StreamChatApp.Communication.Server.csproj", "{7E39849A-BAA3-4A30-B6F6-87A89C2A3418}"
EndProject
Project("{2150E333-8FDC-42A3-9474-1A3956D46DE8}") = "StreamChatApp.Common", "StreamChatApp.Common", "{81B286E3-A5A3-4A9E-ADB1-3AB35BF9CB5F}"
EndProject
Project("{2150E333-8FDC-42A3-9474-1A3956D46DE8}") = "StreamChatApp.Model", "StreamChatApp.Model", "{ACE05D54-206A-44CA-AB09-5184DE57F044}"
EndProject
Project("{FAE04EC0-301F-11D3-BF4B-00C04F79EFBC}") = "StreamChatApp.Model", "StreamChatApp.Model\StreamChatApp.Model.csproj", "{16C9E81D-C942-499F-8714-F77C4E9B1E0E}"
EndProject
Project("{FAE04EC0-301F-11D3-BF4B-00C04F79EFBC}") = "StreamChatApp.Security", "StreamChatApp.Security\StreamChatApp.Security.csproj", "{2AAD0419-6F4B-405E-B932-2E0E1A492642}"
EndProject
Project("{FAE04EC0-301F-11D3-BF4B-00C04F79EFBC}") = "StreamChatApp.TestTool", "StreamChatApp.TestTool\StreamChatApp.TestTool.csproj", "{B8C83D28-D5E4-4FF4-A081-83AD014903CE}"
EndProject
Project("{2150E333-8FDC-42A3-9474-1A3956D46DE8}") = "StreamChatApp.Tests", "StreamChatApp.Tests", "{A257C8B3-CBD3-428C-9394-27AEAC0BD23B}"
EndProject
Project("{FAE04EC0-301F-11D3-BF4B-00C04F79EFBC}") = "StreamChatApp.UtilsTest", "StreamChatApp.UtilsTest\StreamChatApp.UtilsTest.csproj", "{067BD2C5-A615-4DE6-A860-93B2FDA69A53}"
EndProject
Project("{FAE04EC0-301F-11D3-BF4B-00C04F79EFBC}") = "StreamChatApp.Communication.ServerInterface", "StreamChatApp.Communication.ServerInterface\StreamChatApp.Communication.ServerInterface.csproj", "{CA7FCEFD-0A54-4DE5-8EA0-BEA4113E470D}"
EndProject
Project("{FAE04EC0-301F-11D3-BF4B-00C04F79EFBC}") = "StreamChatApp.Communication.BLL", "StreamChatApp.Communication.BLL\StreamChatApp.Communication.BLL.csproj", "{8EDF2D4C-0753-4C25-8046-2D37B16EB2F5}"
EndProject
Project("{FAE04EC0-301F-11D3-BF4B-00C04F79EFBC}") = "StreamChatApp.Communication.BLLInterfaces", "StreamChatApp.Communication.BLLInterfaces\StreamChatApp.Communication.BLLInterfaces.csproj", "{C5F405F1-D33F-4E7E-B0EF-5C5C8917454D}"
EndProject
Project("{FAE04EC0-301F-11D3-BF4B-00C04F79EFBC}") = "StreamChatApp.Communication.CallBackInterface", "StreamChatApp.Communication.CallBackInterface\StreamChatApp.Communication.CallBackInterface.csproj", "{D51D2CC7-4B58-40AB-86E2-55FC1EAA3656}"
EndProject
Project("{FAE04EC0-301F-11D3-BF4B-00C04F79EFBC}") = "StreamChatApp.Common.IPDiscovery", "StreamChatApp.Common.IPDiscovery\StreamChatApp.Common.IPDiscovery.csproj", "{7065A0B2-82ED-46F5-BFA4-1EEE145A9E98}"
EndProject
Project("{FAE04EC0-301F-11D3-BF4B-00C04F79EFBC}") = "StreamChatApp.Hosting", "StreamChatApp.Hosting\StreamChatApp.Hosting.csproj", "{7BE5C4D4-45D8-4B1D-AC4B-9A6294F3FD05}"
EndProject
Global
	GlobalSection(SolutionConfigurationPlatforms) = preSolution
		Debug|Any CPU = Debug|Any CPU
		Release|Any CPU = Release|Any CPU
	EndGlobalSection
	GlobalSection(ProjectConfigurationPlatforms) = postSolution
		{260955EE-980A-4ED6-905F-306A61C8ED0C}.Debug|Any CPU.ActiveCfg = Debug|Any CPU
		{260955EE-980A-4ED6-905F-306A61C8ED0C}.Debug|Any CPU.Build.0 = Debug|Any CPU
		{260955EE-980A-4ED6-905F-306A61C8ED0C}.Release|Any CPU.ActiveCfg = Release|Any CPU
		{260955EE-980A-4ED6-905F-306A61C8ED0C}.Release|Any CPU.Build.0 = Release|Any CPU
		{7E39849A-BAA3-4A30-B6F6-87A89C2A3418}.Debug|Any CPU.ActiveCfg = Debug|Any CPU
		{7E39849A-BAA3-4A30-B6F6-87A89C2A3418}.Debug|Any CPU.Build.0 = Debug|Any CPU
		{7E39849A-BAA3-4A30-B6F6-87A89C2A3418}.Release|Any CPU.ActiveCfg = Release|Any CPU
		{7E39849A-BAA3-4A30-B6F6-87A89C2A3418}.Release|Any CPU.Build.0 = Release|Any CPU
		{16C9E81D-C942-499F-8714-F77C4E9B1E0E}.Debug|Any CPU.ActiveCfg = Debug|Any CPU
		{16C9E81D-C942-499F-8714-F77C4E9B1E0E}.Debug|Any CPU.Build.0 = Debug|Any CPU
		{16C9E81D-C942-499F-8714-F77C4E9B1E0E}.Release|Any CPU.ActiveCfg = Release|Any CPU
		{16C9E81D-C942-499F-8714-F77C4E9B1E0E}.Release|Any CPU.Build.0 = Release|Any CPU
		{2AAD0419-6F4B-405E-B932-2E0E1A492642}.Debug|Any CPU.ActiveCfg = Debug|Any CPU
		{2AAD0419-6F4B-405E-B932-2E0E1A492642}.Debug|Any CPU.Build.0 = Debug|Any CPU
		{2AAD0419-6F4B-405E-B932-2E0E1A492642}.Release|Any CPU.ActiveCfg = Release|Any CPU
		{2AAD0419-6F4B-405E-B932-2E0E1A492642}.Release|Any CPU.Build.0 = Release|Any CPU
		{B8C83D28-D5E4-4FF4-A081-83AD014903CE}.Debug|Any CPU.ActiveCfg = Debug|Any CPU
		{B8C83D28-D5E4-4FF4-A081-83AD014903CE}.Debug|Any CPU.Build.0 = Debug|Any CPU
		{B8C83D28-D5E4-4FF4-A081-83AD014903CE}.Release|Any CPU.ActiveCfg = Release|Any CPU
		{B8C83D28-D5E4-4FF4-A081-83AD014903CE}.Release|Any CPU.Build.0 = Release|Any CPU
		{067BD2C5-A615-4DE6-A860-93B2FDA69A53}.Debug|Any CPU.ActiveCfg = Debug|Any CPU
		{067BD2C5-A615-4DE6-A860-93B2FDA69A53}.Debug|Any CPU.Build.0 = Debug|Any CPU
		{067BD2C5-A615-4DE6-A860-93B2FDA69A53}.Release|Any CPU.ActiveCfg = Release|Any CPU
		{067BD2C5-A615-4DE6-A860-93B2FDA69A53}.Release|Any CPU.Build.0 = Release|Any CPU
		{CA7FCEFD-0A54-4DE5-8EA0-BEA4113E470D}.Debug|Any CPU.ActiveCfg = Debug|Any CPU
		{CA7FCEFD-0A54-4DE5-8EA0-BEA4113E470D}.Debug|Any CPU.Build.0 = Debug|Any CPU
		{CA7FCEFD-0A54-4DE5-8EA0-BEA4113E470D}.Release|Any CPU.ActiveCfg = Release|Any CPU
		{CA7FCEFD-0A54-4DE5-8EA0-BEA4113E470D}.Release|Any CPU.Build.0 = Release|Any CPU
		{8EDF2D4C-0753-4C25-8046-2D37B16EB2F5}.Debug|Any CPU.ActiveCfg = Debug|Any CPU
		{8EDF2D4C-0753-4C25-8046-2D37B16EB2F5}.Debug|Any CPU.Build.0 = Debug|Any CPU
		{8EDF2D4C-0753-4C25-8046-2D37B16EB2F5}.Release|Any CPU.ActiveCfg = Release|Any CPU
		{8EDF2D4C-0753-4C25-8046-2D37B16EB2F5}.Release|Any CPU.Build.0 = Release|Any CPU
		{C5F405F1-D33F-4E7E-B0EF-5C5C8917454D}.Debug|Any CPU.ActiveCfg = Debug|Any CPU
		{C5F405F1-D33F-4E7E-B0EF-5C5C8917454D}.Debug|Any CPU.Build.0 = Debug|Any CPU
		{C5F405F1-D33F-4E7E-B0EF-5C5C8917454D}.Release|Any CPU.ActiveCfg = Release|Any CPU
		{C5F405F1-D33F-4E7E-B0EF-5C5C8917454D}.Release|Any CPU.Build.0 = Release|Any CPU
		{D51D2CC7-4B58-40AB-86E2-55FC1EAA3656}.Debug|Any CPU.ActiveCfg = Debug|Any CPU
		{D51D2CC7-4B58-40AB-86E2-55FC1EAA3656}.Debug|Any CPU.Build.0 = Debug|Any CPU
		{D51D2CC7-4B58-40AB-86E2-55FC1EAA3656}.Release|Any CPU.ActiveCfg = Release|Any CPU
		{D51D2CC7-4B58-40AB-86E2-55FC1EAA3656}.Release|Any CPU.Build.0 = Release|Any CPU
		{7065A0B2-82ED-46F5-BFA4-1EEE145A9E98}.Debug|Any CPU.ActiveCfg = Debug|Any CPU
		{7065A0B2-82ED-46F5-BFA4-1EEE145A9E98}.Debug|Any CPU.Build.0 = Debug|Any CPU
		{7065A0B2-82ED-46F5-BFA4-1EEE145A9E98}.Release|Any CPU.ActiveCfg = Release|Any CPU
		{7065A0B2-82ED-46F5-BFA4-1EEE145A9E98}.Release|Any CPU.Build.0 = Release|Any CPU
		{7BE5C4D4-45D8-4B1D-AC4B-9A6294F3FD05}.Debug|Any CPU.ActiveCfg = Debug|Any CPU
		{7BE5C4D4-45D8-4B1D-AC4B-9A6294F3FD05}.Debug|Any CPU.Build.0 = Debug|Any CPU
		{7BE5C4D4-45D8-4B1D-AC4B-9A6294F3FD05}.Release|Any CPU.ActiveCfg = Release|Any CPU
		{7BE5C4D4-45D8-4B1D-AC4B-9A6294F3FD05}.Release|Any CPU.Build.0 = Release|Any CPU
	EndGlobalSection
	GlobalSection(SolutionProperties) = preSolution
		HideSolutionNode = FALSE
	EndGlobalSection
	GlobalSection(NestedProjects) = preSolution
		{260955EE-980A-4ED6-905F-306A61C8ED0C} = {9DDFD926-86A2-4D49-A63F-8F875744B61C}
		{0738D79E-36AE-4726-A784-253C4D9C87E0} = {9DDFD926-86A2-4D49-A63F-8F875744B61C}
		{7E39849A-BAA3-4A30-B6F6-87A89C2A3418} = {0738D79E-36AE-4726-A784-253C4D9C87E0}
		{81B286E3-A5A3-4A9E-ADB1-3AB35BF9CB5F} = {9DDFD926-86A2-4D49-A63F-8F875744B61C}
		{ACE05D54-206A-44CA-AB09-5184DE57F044} = {9DDFD926-86A2-4D49-A63F-8F875744B61C}
		{16C9E81D-C942-499F-8714-F77C4E9B1E0E} = {ACE05D54-206A-44CA-AB09-5184DE57F044}
		{2AAD0419-6F4B-405E-B932-2E0E1A492642} = {81B286E3-A5A3-4A9E-ADB1-3AB35BF9CB5F}
		{A257C8B3-CBD3-428C-9394-27AEAC0BD23B} = {9DDFD926-86A2-4D49-A63F-8F875744B61C}
		{067BD2C5-A615-4DE6-A860-93B2FDA69A53} = {A257C8B3-CBD3-428C-9394-27AEAC0BD23B}
		{CA7FCEFD-0A54-4DE5-8EA0-BEA4113E470D} = {0738D79E-36AE-4726-A784-253C4D9C87E0}
		{8EDF2D4C-0753-4C25-8046-2D37B16EB2F5} = {0738D79E-36AE-4726-A784-253C4D9C87E0}
		{C5F405F1-D33F-4E7E-B0EF-5C5C8917454D} = {0738D79E-36AE-4726-A784-253C4D9C87E0}
		{D51D2CC7-4B58-40AB-86E2-55FC1EAA3656} = {0738D79E-36AE-4726-A784-253C4D9C87E0}
		{7065A0B2-82ED-46F5-BFA4-1EEE145A9E98} = {81B286E3-A5A3-4A9E-ADB1-3AB35BF9CB5F}
		{7BE5C4D4-45D8-4B1D-AC4B-9A6294F3FD05} = {0738D79E-36AE-4726-A784-253C4D9C87E0}
	EndGlobalSection
EndGlobal
